// !$*UTF8*$!
{
	archiveVersion = 1;
	classes = {
	};
	objectVersion = 46;
	objects = {

/* Begin PBXBuildFile section */
		D365BF4A1E6893B1004C2D41 /* main.cpp in Sources */ = {isa = PBXBuildFile; fileRef = D365BF491E6893B1004C2D41 /* main.cpp */; };
/* End PBXBuildFile section */

/* Begin PBXFileReference section */
		D365BF461E6893B1004C2D41 /* Спирограф */ = {isa = PBXFileReference; explicitFileType = "compiled.mach-o.executable"; includeInIndex = 0; path = "Спирограф"; sourceTree = BUILT_PRODUCTS_DIR; };
		D365BF491E6893B1004C2D41 /* main.cpp */ = {isa = PBXFileReference; lastKnownFileType = sourcecode.cpp.cpp; path = main.cpp; sourceTree = "<group>"; };
		D365BF4C1E6893B1004C2D41 /* cute_image.jpg */ = {isa = PBXFileReference; lastKnownFileType = image.jpeg; path = cute_image.jpg; sourceTree = "<group>"; };
		D365BF4D1E6893B1004C2D41 /* nice_music.ogg */ = {isa = PBXFileReference; lastKnownFileType = file; path = nice_music.ogg; sourceTree = "<group>"; };
		D365BF4E1E6893B1004C2D41 /* sansation.ttf */ = {isa = PBXFileReference; lastKnownFileType = file; path = sansation.ttf; sourceTree = "<group>"; };
		D365BF4F1E6893B1004C2D41 /* icon.png */ = {isa = PBXFileReference; lastKnownFileType = image.png; path = icon.png; sourceTree = "<group>"; };
/* End PBXFileReference section */

/* Begin PBXFrameworksBuildPhase section */
		D365BF441E6893B1004C2D41 /* Frameworks */ = {
			isa = PBXFrameworksBuildPhase;
			buildActionMask = 2147483647;
			files = (
			);
			runOnlyForDeploymentPostprocessing = 0;
		};
/* End PBXFrameworksBuildPhase section */

/* Begin PBXGroup section */
		D365BF3E1E6893B1004C2D41 = {
			isa = PBXGroup;
			children = (
				D365BF481E6893B1004C2D41 /* Спирограф */,
				D365BF471E6893B1004C2D41 /* Products */,
			);
			sourceTree = "<group>";
		};
		D365BF471E6893B1004C2D41 /* Products */ = {
			isa = PBXGroup;
			children = (
				D365BF461E6893B1004C2D41 /* Спирограф */,
			);
			name = Products;
			sourceTree = "<group>";
		};
		D365BF481E6893B1004C2D41 /* Спирограф */ = {
			isa = PBXGroup;
			children = (
				D365BF491E6893B1004C2D41 /* main.cpp */,
				D365BF4B1E6893B1004C2D41 /* Resources */,
			);
			path = "Спирограф";
			sourceTree = "<group>";
		};
		D365BF4B1E6893B1004C2D41 /* Resources */ = {
			isa = PBXGroup;
			children = (
				D365BF4C1E6893B1004C2D41 /* cute_image.jpg */,
				D365BF4D1E6893B1004C2D41 /* nice_music.ogg */,
				D365BF4E1E6893B1004C2D41 /* sansation.ttf */,
				D365BF4F1E6893B1004C2D41 /* icon.png */,
			);
			name = Resources;
			sourceTree = "<group>";
		};
/* End PBXGroup section */

/* Begin PBXNativeTarget section */
		D365BF451E6893B1004C2D41 /* Спирограф */ = {
			isa = PBXNativeTarget;
			buildConfigurationList = D365BF521E6893B1004C2D41 /* Build configuration list for PBXNativeTarget "Спирограф" */;
			buildPhases = (
				D365BF431E6893B1004C2D41 /* Sources */,
				D365BF441E6893B1004C2D41 /* Frameworks */,
			);
			buildRules = (
			);
			dependencies = (
			);
			name = "Спирограф";
			productName = "Спирограф";
			productReference = D365BF461E6893B1004C2D41 /* Спирограф */;
			productType = "com.apple.product-type.tool";
		};
/* End PBXNativeTarget section */

/* Begin PBXProject section */
		D365BF3F1E6893B1004C2D41 /* Project object */ = {
			isa = PBXProject;
			attributes = {
				LastUpgradeCheck = 0810;
				ORGANIZATIONNAME = "Danila Manacov";
				TargetAttributes = {
					D365BF451E6893B1004C2D41 = {
						CreatedOnToolsVersion = 8.1;
						DevelopmentTeam = UT7FXV6XPT;
						ProvisioningStyle = Automatic;
					};
				};
			};
			buildConfigurationList = D365BF421E6893B1004C2D41 /* Build configuration list for PBXProject "Спирограф" */;
			compatibilityVersion = "Xcode 3.2";
			developmentRegion = English;
			hasScannedForEncodings = 0;
			knownRegions = (
				en,
			);
			mainGroup = D365BF3E1E6893B1004C2D41;
			productRefGroup = D365BF471E6893B1004C2D41 /* Products */;
			projectDirPath = "";
			projectRoot = "";
			targets = (
				D365BF451E6893B1004C2D41 /* Спирограф */,
			);
		};
/* End PBXProject section */

/* Begin PBXSourcesBuildPhase section */
		D365BF431E6893B1004C2D41 /* Sources */ = {
			isa = PBXSourcesBuildPhase;
			buildActionMask = 2147483647;
			files = (
				D365BF4A1E6893B1004C2D41 /* main.cpp in Sources */,
			);
			runOnlyForDeploymentPostprocessing = 0;
		};
/* End PBXSourcesBuildPhase section */

/* Begin XCBuildConfiguration section */
		D365BF501E6893B1004C2D41 /* Debug */ = {
			isa = XCBuildConfiguration;
			buildSettings = {
				ARCHS = (
					i386,
					x86_64,
				);
				CLANG_CXX_LANGUAGE_STANDARD = "c++0x";
				CLANG_CXX_LIBRARY = "libc++";
				FRAMEWORK_SEARCH_PATHS = (
					/Library/Frameworks/,
					"$(inherited)",
				);
				GCC_VERSION = com.apple.compilers.llvm.clang.1_0;
				HEADER_SEARCH_PATHS = (
					/usr/local/include/,
					"$(inherited)",
				);
				LIBRARY_SEARCH_PATHS = (
					/usr/local/lib/,
					"$(inherited)",
				);
				MACOSX_DEPLOYMENT_TARGET = 10.7;
				OTHER_LDFLAGS = (
					"$(inherited)",
					"$(SFML_SYSTEM)",
					"$(SFML_WINDOW)",
					"$(SFML_GRAPHICS)",
					"$(SFML_AUDIO)",
					"$(SFML_NETWORK)",
				);
				SFML_AUDIO = "";
				SFML_BINARY_TYPE = FRAMEWORKS;
				SFML_GRAPHICS = "$(SFML_LINK_PREFIX) sfml-graphics$(SFML_LINK_SUFFIX)";
				SFML_LINK_DYLIBS_PREFIX = "-l";
				SFML_LINK_DYLIBS_SUFFIX = "";
				SFML_LINK_FRAMEWORKS_PREFIX = "-framework";
				SFML_LINK_FRAMEWORKS_SUFFIX = "";
				SFML_LINK_PREFIX = "$(SFML_LINK_$(SFML_BINARY_TYPE)_PREFIX)";
				SFML_LINK_SUFFIX = "$(SFML_LINK_$(SFML_BINARY_TYPE)_SUFFIX)";
				SFML_NETWORK = "";
				SFML_SYSTEM = "$(SFML_LINK_PREFIX) sfml-system$(SFML_LINK_SUFFIX)";
				SFML_WINDOW = "$(SFML_LINK_PREFIX) sfml-window$(SFML_LINK_SUFFIX)";
				SUPPORTED_PLATFORMS = macosx;
			};
			name = Debug;
		};
		D365BF511E6893B1004C2D41 /* Release */ = {
			isa = XCBuildConfiguration;
			buildSettings = {
				ARCHS = (
					i386,
					x86_64,
				);
				CLANG_CXX_LANGUAGE_STANDARD = "c++0x";
				CLANG_CXX_LIBRARY = "libc++";
				FRAMEWORK_SEARCH_PATHS = (
					/Library/Frameworks/,
					"$(inherited)",
				);
				GCC_VERSION = com.apple.compilers.llvm.clang.1_0;
				HEADER_SEARCH_PATHS = (
					/usr/local/include/,
					"$(inherited)",
				);
				LIBRARY_SEARCH_PATHS = (
					/usr/local/lib/,
					"$(inherited)",
				);
				MACOSX_DEPLOYMENT_TARGET = 10.7;
				OTHER_LDFLAGS = (
					"$(inherited)",
					"$(SFML_SYSTEM)",
					"$(SFML_WINDOW)",
					"$(SFML_GRAPHICS)",
					"$(SFML_AUDIO)",
					"$(SFML_NETWORK)",
				);
				SFML_AUDIO = "";
				SFML_BINARY_TYPE = FRAMEWORKS;
				SFML_GRAPHICS = "$(SFML_LINK_PREFIX) sfml-graphics$(SFML_LINK_SUFFIX)";
				SFML_LINK_DYLIBS_PREFIX = "-l";
				SFML_LINK_DYLIBS_SUFFIX = "";
				SFML_LINK_FRAMEWORKS_PREFIX = "-framework";
				SFML_LINK_FRAMEWORKS_SUFFIX = "";
				SFML_LINK_PREFIX = "$(SFML_LINK_$(SFML_BINARY_TYPE)_PREFIX)";
				SFML_LINK_SUFFIX = "$(SFML_LINK_$(SFML_BINARY_TYPE)_SUFFIX)";
				SFML_NETWORK = "";
				SFML_SYSTEM = "$(SFML_LINK_PREFIX) sfml-system$(SFML_LINK_SUFFIX)";
				SFML_WINDOW = "$(SFML_LINK_PREFIX) sfml-window$(SFML_LINK_SUFFIX)";
				SUPPORTED_PLATFORMS = macosx;
			};
			name = Release;
		};
		D365BF531E6893B1004C2D41 /* Debug */ = {
			isa = XCBuildConfiguration;
			buildSettings = {
				DEVELOPMENT_TEAM = UT7FXV6XPT;
				PRODUCT_NAME = "$(TARGET_NAME)";
			};
			name = Debug;
		};
		D365BF541E6893B1004C2D41 /* Release */ = {
			isa = XCBuildConfiguration;
			buildSettings = {
				DEVELOPMENT_TEAM = UT7FXV6XPT;
				PRODUCT_NAME = "$(TARGET_NAME)";
			};
			name = Release;
		};
/* End XCBuildConfiguration section */

/* Begin XCConfigurationList section */
		D365BF421E6893B1004C2D41 /* Build configuration list for PBXProject "Спирограф" */ = {
			isa = XCConfigurationList;
			buildConfigurations = (
				D365BF501E6893B1004C2D41 /* Debug */,
				D365BF511E6893B1004C2D41 /* Release */,
			);
			defaultConfigurationIsVisible = 0;
			defaultConfigurationName = Release;
		};
		D365BF521E6893B1004C2D41 /* Build configuration list for PBXNativeTarget "Спирограф" */ = {
			isa = XCConfigurationList;
			buildConfigurations = (
				D365BF531E6893B1004C2D41 /* Debug */,
				D365BF541E6893B1004C2D41 /* Release */,
			);
			defaultConfigurationIsVisible = 0;
		};
/* End XCConfigurationList section */
	};
	rootObject = D365BF3F1E6893B1004C2D41 /* Project object */;
}
